
Microsoft Visual Studio Solution File, Format Version 12.00
# Visual Studio Version 17
VisualStudioVersion = 17.14.36511.14 d17.14
MinimumVisualStudioVersion = 10.0.40219.1
Project("{8BC9CEB8-8B4A-11D0-8D11-00A0C91BC942}") = "practicing & debugging C++", "practicing & debugging C++.vcxproj", "{FEFC0CA9-F714-4538-A00C-B749A76B2924}"
EndProject
Global
	GlobalSection(SolutionConfigurationPlatforms) = preSolution
		Debug|x64 = Debug|x64
		Debug|x86 = Debug|x86
		Release|x64 = Release|x64
		Release|x86 = Release|x86
	EndGlobalSection
	GlobalSection(ProjectConfigurationPlatforms) = postSolution
		{FEFC0CA9-F714-4538-A00C-B749A76B2924}.Debug|x64.ActiveCfg = Debug|x64
		{FEFC0CA9-F714-4538-A00C-B749A76B2924}.Debug|x64.Build.0 = Debug|x64
		{FEFC0CA9-F714-4538-A00C-B749A76B2924}.Debug|x86.ActiveCfg = Debug|Win32
		{FEFC0CA9-F714-4538-A00C-B749A76B2924}.Debug|x86.Build.0 = Debug|Win32
		{FEFC0CA9-F714-4538-A00C-B749A76B2924}.Release|x64.ActiveCfg = Release|x64
		{FEFC0CA9-F714-4538-A00C-B749A76B2924}.Release|x64.Build.0 = Release|x64
		{FEFC0CA9-F714-4538-A00C-B749A76B2924}.Release|x86.ActiveCfg = Release|Win32
		{FEFC0CA9-F714-4538-A00C-B749A76B2924}.Release|x86.Build.0 = Release|Win32
	EndGlobalSection
	GlobalSection(SolutionProperties) = preSolution
		HideSolutionNode = FALSE
	EndGlobalSection
	GlobalSection(ExtensibilityGlobals) = postSolution
		SolutionGuid = {A70F4B2B-4C47-48EC-968A-A670C3FD1083}
	EndGlobalSection
EndGlobal
